<?xml version="1.0" encoding="utf-8"?>
<Project ToolsVersion="4.0" xmlns="http://schemas.microsoft.com/developer/msbuild/2003">
  <ItemGroup>
    <Filter Include="Project">
      <UniqueIdentifier>{bed9fad8-e906-465e-92e8-8fee9d5cee28}</UniqueIdentifier>
    </Filter>
    <Filter Include="Project\Windows">
      <UniqueIdentifier>{bba02f37-e3c4-450a-939d-087f3ea93f5d}</UniqueIdentifier>
    </Filter>
    <Filter Include="Project\Windows\resources">
      <UniqueIdentifier>{2930da43-9b25-4541-b863-ef2f2314e91c}</UniqueIdentifier>
    </Filter>
    <Filter Include="Project\Shared">
      <UniqueIdentifier>{658ac8f5-410f-42ad-8b57-c16aa37de45e}</UniqueIdentifier>
    </Filter>
  </ItemGroup>
  <ItemGroup>
    <Image Include="Windows\resources\greenFace.ico">
      <Filter>Project\Windows\resources</Filter>
    </Image>
  </ItemGroup>
  <ItemGroup>
    <ClInclude Include="Windows\resources\resource.h">
      <Filter>Project\Windows\resources</Filter>
    </ClInclude>
  </ItemGroup>
  <ItemGroup>
    <ResourceCompile Include="Windows\resources\resource.rc">
      <Filter>Project\Windows\resources</Filter>
    </ResourceCompile>
  </ItemGroup>
  <ItemGroup>
    <ClCompile Include="Windows\src\launch.cpp">
      <Filter>Project\Windows</Filter>
    </ClCompile>
  </ItemGroup>
  <ItemGroup>
    <CustomBuild Include="Shared\src\ritzow\sandbox\build\Build.java">
      <Filter>Project\Shared</Filter>
    </CustomBuild>
  </ItemGroup>
  <ItemGroup>
    <None Include="build.bat">
      <Filter>Project\Shared</Filter>
    </None>
    <None Include="Shared\shared.cpp">
      <Filter>Project\Shared</Filter>
    </None>
  </ItemGroup>
</Project>